Microsoft Visual Studio Solution File, Format Version 8.00
Project("{8BC9CEB8-8B4A-11D0-8D11-00A0C91BC942}") = "simpletest", "simpletest\simpletest.vcproj", "{1EBD823F-48A1-4D09-9510-0AE2D2630240}"
	ProjectSection(ProjectDependencies) = postProject
	EndProjectSection
EndProject
Global
	GlobalSection(SourceCodeControl) = preSolution
		SccNumberOfProjects = 2
		SccProjectUniqueName0 = simpletest\\simpletest.vcproj
		SccProjectName0 = $/IGNCP/Gamespy/GOA
		SccLocalPath0 = ..
		CanCheckoutShared = true
		SccProjectFilePathRelativizedFromConnection0 = natneg\\simpletest\\
		SccLocalPath1 = .
		CanCheckoutShared = true
		SolutionUniqueID = {3A9115B9-6E84-42BF-B6DC-965D4F1D4B00}
	EndGlobalSection
	GlobalSection(SolutionConfiguration) = preSolution
		Debug = Debug
		Release = Release
	EndGlobalSection
	GlobalSection(ProjectDependencies) = postSolution
	EndGlobalSection
	GlobalSection(ProjectConfiguration) = postSolution
		{1EBD823F-48A1-4D09-9510-0AE2D2630240}.Debug.ActiveCfg = Debug|Win32
		{1EBD823F-48A1-4D09-9510-0AE2D2630240}.Debug.Build.0 = Debug|Win32
		{1EBD823F-48A1-4D09-9510-0AE2D2630240}.Release.ActiveCfg = Release|Win32
		{1EBD823F-48A1-4D09-9510-0AE2D2630240}.Release.Build.0 = Release|Win32
	EndGlobalSection
	GlobalSection(ExtensibilityGlobals) = postSolution
	EndGlobalSection
	GlobalSection(ExtensibilityAddIns) = postSolution
	EndGlobalSection
EndGlobal
