<?xml version="1.0" encoding="utf-8"?>
<Project ToolsVersion="4.0" xmlns="http://schemas.microsoft.com/developer/msbuild/2003">
  <ItemGroup>
    <Filter Include="UI Files">
      <UniqueIdentifier>{3efe488c-00d1-4fb9-888d-6577ddb68c89}</UniqueIdentifier>
    </Filter>
    <Filter Include="Actor Files">
      <UniqueIdentifier>{82e77213-06f3-4fc0-aad7-4c648d5a19ca}</UniqueIdentifier>
    </Filter>
    <Filter Include="Interfaces">
      <UniqueIdentifier>{f5d06c44-bb7f-4f84-ba6f-e294ca4764d7}</UniqueIdentifier>
    </Filter>
    <Filter Include="Action Files">
      <UniqueIdentifier>{5eb4fecc-f9af-4a85-b65d-7678643f1ae2}</UniqueIdentifier>
    </Filter>
    <Filter Include="View Files">
      <UniqueIdentifier>{ad9ded3a-9bd0-44b3-ad48-5b387ffea338}</UniqueIdentifier>
    </Filter>
    <Filter Include="Item Files">
      <UniqueIdentifier>{e8d355c3-3249-4000-bdc7-dbe05fff4b9a}</UniqueIdentifier>
    </Filter>
    <Filter Include="Item Files\Level Files">
      <UniqueIdentifier>{300e08e3-34f9-4d6a-8add-52d08de3077a}</UniqueIdentifier>
    </Filter>
    <Filter Include="Vehicle Files">
      <UniqueIdentifier>{136d19fd-f183-47b0-a966-bd032e32f5c0}</UniqueIdentifier>
    </Filter>
    <Filter Include="Vehicle Files\Script">
      <UniqueIdentifier>{1e4b59e3-6b6a-4246-8373-7eac687ca09d}</UniqueIdentifier>
    </Filter>
    <Filter Include="Vehicle Files\Views">
      <UniqueIdentifier>{286d9b9b-2fa0-4f03-a876-dfb2ff1350ea}</UniqueIdentifier>
    </Filter>
    <Filter Include="Vehicle Files\Parts">
      <UniqueIdentifier>{83ff9433-c636-460c-9726-45131e00c703}</UniqueIdentifier>
    </Filter>
    <Filter Include="Vehicle Files\Main">
      <UniqueIdentifier>{ae70affe-0232-4bd6-86a1-92eabdc52e14}</UniqueIdentifier>
    </Filter>
    <Filter Include="Vehicle Files\Seat Actions">
      <UniqueIdentifier>{a08d0ba2-15fb-4fcb-8c51-6bed6a57e53d}</UniqueIdentifier>
    </Filter>
    <Filter Include="Vehicle Files\Actions">
      <UniqueIdentifier>{0bd7ce36-922e-4989-923b-fa036776932f}</UniqueIdentifier>
    </Filter>
    <Filter Include="Vehicle Files\Damages">
      <UniqueIdentifier>{b56ade80-4976-4215-98d0-535645546f55}</UniqueIdentifier>
    </Filter>
    <Filter Include="Vehicle Files\Damages\Damage Behaviors">
      <UniqueIdentifier>{9eca465d-5a60-4738-bd22-4db4fc49a27c}</UniqueIdentifier>
    </Filter>
    <Filter Include="Vehicle Files\Network">
      <UniqueIdentifier>{5921ea08-fc6e-4874-9c6c-b905e41ee9fb}</UniqueIdentifier>
    </Filter>
    <Filter Include="AI Files">
      <UniqueIdentifier>{2b23d564-3edc-466d-a0fe-210b98c17194}</UniqueIdentifier>
    </Filter>
    <Filter Include="Flow System Files">
      <UniqueIdentifier>{30d03c15-31c9-41a2-aec9-c9a2d08f4cac}</UniqueIdentifier>
    </Filter>
    <Filter Include="Flow System Files\Nodes">
      <UniqueIdentifier>{148bb44d-efad-4d3c-86df-7b393feacfe5}</UniqueIdentifier>
    </Filter>
    <Filter Include="Flow System Files\Nodes\Vehicle">
      <UniqueIdentifier>{82477c22-64ae-456a-8714-2c2ce1ab7266}</UniqueIdentifier>
    </Filter>
    <Filter Include="Flow System Files\Inspectors">
      <UniqueIdentifier>{ddc93232-024a-4e67-8c4f-ad6d4c66dae6}</UniqueIdentifier>
    </Filter>
    <Filter Include="Serialization">
      <UniqueIdentifier>{e34ba8f9-64c9-4b06-bf67-f411a80e07bf}</UniqueIdentifier>
    </Filter>
    <Filter Include="Serialization\Script XML Helpers">
      <UniqueIdentifier>{447f2811-2289-4b89-8bd3-5d3941eb61ac}</UniqueIdentifier>
    </Filter>
    <Filter Include="Serialization\Serialize to script">
      <UniqueIdentifier>{2f207c58-77fb-4323-b279-72fbea904fa6}</UniqueIdentifier>
    </Filter>
    <Filter Include="Serialization\Binary Save Games">
      <UniqueIdentifier>{fd8a66a0-8c0e-4fbd-a977-3c68bc3cbe1c}</UniqueIdentifier>
    </Filter>
    <Filter Include="Serialization\XML Save Games %28primarily used for viewnotes and testing%29">
      <UniqueIdentifier>{d60f8d26-557c-41eb-9d20-7d977a92362c}</UniqueIdentifier>
    </Filter>
    <Filter Include="Game Objects">
      <UniqueIdentifier>{bf0380a2-2773-45ec-a499-d1bc3b36ccfe}</UniqueIdentifier>
    </Filter>
    <Filter Include="GameRules Files">
      <UniqueIdentifier>{44d98440-bc6e-4d41-8b3f-0679ac490274}</UniqueIdentifier>
    </Filter>
    <Filter Include="AnimationGraph">
      <UniqueIdentifier>{982821d7-284c-42ef-9c5b-79ef8c31a088}</UniqueIdentifier>
    </Filter>
    <Filter Include="AnimationGraph\Animation Configuration Classes">
      <UniqueIdentifier>{8d394430-dbc2-48fb-a1ff-046d6fb13fd2}</UniqueIdentifier>
    </Filter>
    <Filter Include="AnimationGraph\System Files">
      <UniqueIdentifier>{3ac244f3-b8f2-4b0d-87bd-bd3d3c18de0a}</UniqueIdentifier>
    </Filter>
    <Filter Include="AnimationGraph\Game Object">
      <UniqueIdentifier>{3ac28880-6c51-422c-987b-ac4d6ee832f8}</UniqueIdentifier>
    </Filter>
    <Filter Include="AnimationGraph\Music Configuration Classes">
      <UniqueIdentifier>{b418d452-6981-415b-b9d8-e7f29f17d3d9}</UniqueIdentifier>
    </Filter>
    <Filter Include="TimeDemo">
      <UniqueIdentifier>{4fe0bdb6-a4f6-4a5b-9242-10312655c446}</UniqueIdentifier>
    </Filter>
    <Filter Include="MaterialEffects">
      <UniqueIdentifier>{6d97842b-0cce-452d-b545-d284558b7ffd}</UniqueIdentifier>
    </Filter>
    <Filter Include="GameTokens">
      <UniqueIdentifier>{05981726-c8f1-487c-a8a2-3780fe0d9760}</UniqueIdentifier>
    </Filter>
    <Filter Include="EffectSystem">
      <UniqueIdentifier>{b946f598-8fe4-434a-a757-a2cb1b7a1e5b}</UniqueIdentifier>
    </Filter>
    <Filter Include="UIDraw">
      <UniqueIdentifier>{1be48d20-84fc-4556-a815-d507f7af497c}</UniqueIdentifier>
    </Filter>
    <Filter Include="DebugHelpers">
      <UniqueIdentifier>{6a9acfd3-06c8-492b-8a27-74f38b34f712}</UniqueIdentifier>
    </Filter>
    <Filter Include="PlayerProfiles">
      <UniqueIdentifier>{7663d702-754f-4794-a873-ee188f06ef46}</UniqueIdentifier>
    </Filter>
    <Filter Include="Dialog System">
      <UniqueIdentifier>{494745ba-ef88-4e5e-9e46-3eabba966700}</UniqueIdentifier>
    </Filter>
    <Filter Include="Network Files">
      <UniqueIdentifier>{e043714c-d1f1-4759-8dee-f47421273a86}</UniqueIdentifier>
    </Filter>
    <Filter Include="Network Files\Context Establishment Tasks">
      <UniqueIdentifier>{beb17ae1-5ea6-4ecd-b227-a56c608defb5}</UniqueIdentifier>
    </Filter>
    <Filter Include="Network Files\Helpers">
      <UniqueIdentifier>{82111a4a-89f7-4780-85b7-8971b3a531ef}</UniqueIdentifier>
    </Filter>
    <Filter Include="Network Files\Core">
      <UniqueIdentifier>{5b83f83a-fbeb-4b49-8ce5-27918b9cd24a}</UniqueIdentifier>
    </Filter>
    <Filter Include="Network Files\Voice">
      <UniqueIdentifier>{b2af4248-95d6-4172-bddd-255c979eb601}</UniqueIdentifier>
    </Filter>
    <Filter Include="Network Files\Breakability">
      <UniqueIdentifier>{6c4172af-3d51-4e2e-b180-4d1ce4bdb33e}</UniqueIdentifier>
    </Filter>
    <Filter Include="Network Files\GameSpy Stats">
      <UniqueIdentifier>{1a02408b-ddf5-43d4-af3d-444b98f82972}</UniqueIdentifier>
    </Filter>
    <Filter Include="RCon">
      <UniqueIdentifier>{ea7603ac-91bc-4701-87e7-ea811bedb587}</UniqueIdentifier>
    </Filter>
    <Filter Include="Http">
      <UniqueIdentifier>{2eb0af7e-1c33-4bf8-8b1a-82169c8cacaf}</UniqueIdentifier>
    </Filter>
    <Filter Include="Physics Helpers">
      <UniqueIdentifier>{6f22004c-aa41-49df-bd1a-341e214dbc95}</UniqueIdentifier>
    </Filter>
    <Filter Include="GameplayRecorder Files">
      <UniqueIdentifier>{f20e31a2-146d-460d-a726-31d08ee31973}</UniqueIdentifier>
    </Filter>
    <Filter Include="GameplayRecorder Files\Gameplay Analyst">
      <UniqueIdentifier>{a2b1d3c9-122c-4ebf-b2de-ac36c44ce7a9}</UniqueIdentifier>
    </Filter>
    <Filter Include="DebrisManager">
      <UniqueIdentifier>{5a63d1f6-9d92-41ad-ad06-923e9ad292fb}</UniqueIdentifier>
    </Filter>
    <Filter Include="MetadataRecorder">
      <UniqueIdentifier>{eb706251-2826-40e6-9d43-fa734b846618}</UniqueIdentifier>
    </Filter>
    <Filter Include="Music Logic">
      <UniqueIdentifier>{f133055d-01ed-4869-8d27-767f87915b70}</UniqueIdentifier>
    </Filter>
    <Filter Include="ModManager">
      <UniqueIdentifier>{4afb272c-18ea-4ea6-a076-783c1acdd96c}</UniqueIdentifier>
    </Filter>
  </ItemGroup>
  <ItemGroup>
    <ClCompile Include="ScriptBind_UI.cpp">
      <Filter>UI Files</Filter>
    </ClCompile>
    <ClCompile Include="UISystem.cpp">
      <Filter>UI Files</Filter>
    </ClCompile>
    <ClCompile Include="ActorSystem.cpp">
      <Filter>Actor Files</Filter>
    </ClCompile>
    <ClCompile Include="ScriptBind_ActorSystem.cpp">
      <Filter>Actor Files</Filter>
    </ClCompile>
    <ClCompile Include="ActionFilter.cpp">
      <Filter>Action Files</Filter>
    </ClCompile>
    <ClCompile Include="ActionMap.cpp">
      <Filter>Action Files</Filter>
    </ClCompile>
    <ClCompile Include="ActionMapManager.cpp">
      <Filter>Action Files</Filter>
    </ClCompile>
    <ClCompile Include="ScriptBind_ActionMapManager.cpp">
      <Filter>Action Files</Filter>
    </ClCompile>
    <ClCompile Include="ViewSystem\View.cpp">
      <Filter>View Files</Filter>
    </ClCompile>
    <ClCompile Include="ViewSystem\ViewSystem.cpp">
      <Filter>View Files</Filter>
    </ClCompile>
    <ClCompile Include="EquipmentManager.cpp">
      <Filter>Item Files</Filter>
    </ClCompile>
    <ClCompile Include="Inventory.cpp">
      <Filter>Item Files</Filter>
    </ClCompile>
    <ClCompile Include="ItemParams.cpp">
      <Filter>Item Files</Filter>
    </ClCompile>
    <ClCompile Include="ItemSystem.cpp">
      <Filter>Item Files</Filter>
    </ClCompile>
    <ClCompile Include="ScriptBind_Inventory.cpp">
      <Filter>Item Files</Filter>
    </ClCompile>
    <ClCompile Include="ScriptBind_ItemSystem.cpp">
      <Filter>Item Files</Filter>
    </ClCompile>
    <ClCompile Include="Level.cpp">
      <Filter>Item Files\Level Files</Filter>
    </ClCompile>
    <ClCompile Include="LevelSystem.cpp">
      <Filter>Item Files\Level Files</Filter>
    </ClCompile>
    <ClCompile Include="ScriptBind_VehicleSystem.cpp">
      <Filter>Vehicle Files</Filter>
    </ClCompile>
    <ClCompile Include="VehicleSystem\VehicleCVars.cpp">
      <Filter>Vehicle Files</Filter>
    </ClCompile>
    <ClCompile Include="VehicleSystem.cpp">
      <Filter>Vehicle Files</Filter>
    </ClCompile>
    <ClCompile Include="VehicleSystem\VehicleSystem_FactoryRegistration.cpp">
      <Filter>Vehicle Files</Filter>
    </ClCompile>
    <ClCompile Include="VehicleSystem\ScriptBind_Vehicle.cpp">
      <Filter>Vehicle Files\Script</Filter>
    </ClCompile>
    <ClCompile Include="VehicleSystem\ScriptBind_VehicleSeat.cpp">
      <Filter>Vehicle Files\Script</Filter>
    </ClCompile>
    <ClCompile Include="VehicleSystem\VehicleViewActionThirdPerson.cpp">
      <Filter>Vehicle Files\Views</Filter>
    </ClCompile>
    <ClCompile Include="VehicleSystem\VehicleViewBase.cpp">
      <Filter>Vehicle Files\Views</Filter>
    </ClCompile>
    <ClCompile Include="VehicleSystem\VehicleViewFirstPerson.cpp">
      <Filter>Vehicle Files\Views</Filter>
    </ClCompile>
    <ClCompile Include="VehicleSystem\VehicleViewThirdPerson.cpp">
      <Filter>Vehicle Files\Views</Filter>
    </ClCompile>
    <ClCompile Include="VehicleSystem\VehiclePartAnimated.cpp">
      <Filter>Vehicle Files\Parts</Filter>
    </ClCompile>
    <ClCompile Include="VehicleSystem\VehiclePartAnimatedJoint.cpp">
      <Filter>Vehicle Files\Parts</Filter>
    </ClCompile>
    <ClCompile Include="VehicleSystem\VehiclePartAttachment.cpp">
      <Filter>Vehicle Files\Parts</Filter>
    </ClCompile>
    <ClCompile Include="VehicleSystem\VehiclePartBase.cpp">
      <Filter>Vehicle Files\Parts</Filter>
    </ClCompile>
    <ClCompile Include="VehicleSystem\VehiclePartDetachedEntity.cpp">
      <Filter>Vehicle Files\Parts</Filter>
    </ClCompile>
    <ClCompile Include="VehicleSystem\VehiclePartEntity.cpp">
      <Filter>Vehicle Files\Parts</Filter>
    </ClCompile>
    <ClCompile Include="VehicleSystem\VehiclePartLight.cpp">
      <Filter>Vehicle Files\Parts</Filter>
    </ClCompile>
    <ClCompile Include="VehicleSystem\VehiclePartMassBox.cpp">
      <Filter>Vehicle Files\Parts</Filter>
    </ClCompile>
    <ClCompile Include="VehicleSystem\VehiclePartStatic.cpp">
      <Filter>Vehicle Files\Parts</Filter>
    </ClCompile>
    <ClCompile Include="VehicleSystem\VehiclePartSubPart.cpp">
      <Filter>Vehicle Files\Parts</Filter>
    </ClCompile>
    <ClCompile Include="VehicleSystem\VehiclePartSubPartWheel.cpp">
      <Filter>Vehicle Files\Parts</Filter>
    </ClCompile>
    <ClCompile Include="VehicleSystem\VehiclePartTread.cpp">
      <Filter>Vehicle Files\Parts</Filter>
    </ClCompile>
    <ClCompile Include="VehicleSystem\Vehicle.cpp">
      <Filter>Vehicle Files\Main</Filter>
    </ClCompile>
    <ClCompile Include="VehicleSystem\VehicleAnimation.cpp">
      <Filter>Vehicle Files\Main</Filter>
    </ClCompile>
    <ClCompile Include="VehicleSystem\VehicleComponent.cpp">
      <Filter>Vehicle Files\Main</Filter>
    </ClCompile>
    <ClCompile Include="VehicleSystem\VehicleHelper.cpp">
      <Filter>Vehicle Files\Main</Filter>
    </ClCompile>
    <ClCompile Include="VehicleSystem\VehicleSeat.cpp">
      <Filter>Vehicle Files\Main</Filter>
    </ClCompile>
    <ClCompile Include="VehicleSystem\VehicleSeatGroup.cpp">
      <Filter>Vehicle Files\Main</Filter>
    </ClCompile>
    <ClCompile Include="VehicleSystem\VehicleUtils.cpp">
      <Filter>Vehicle Files\Main</Filter>
    </ClCompile>
    <ClCompile Include="VehicleSystem\VehicleSeatActionAnimation.cpp">
      <Filter>Vehicle Files\Seat Actions</Filter>
    </ClCompile>
    <ClCompile Include="VehicleSystem\VehicleSeatActionLights.cpp">
      <Filter>Vehicle Files\Seat Actions</Filter>
    </ClCompile>
    <ClCompile Include="VehicleSystem\VehicleSeatActionMovement.cpp">
      <Filter>Vehicle Files\Seat Actions</Filter>
    </ClCompile>
    <ClCompile Include="VehicleSystem\VehicleSeatActionPassengerIK.cpp">
      <Filter>Vehicle Files\Seat Actions</Filter>
    </ClCompile>
    <ClCompile Include="VehicleSystem\VehicleSeatActionRotateTurret.cpp">
      <Filter>Vehicle Files\Seat Actions</Filter>
    </ClCompile>
    <ClCompile Include="VehicleSystem\VehicleSeatActionSound.cpp">
      <Filter>Vehicle Files\Seat Actions</Filter>
    </ClCompile>
    <ClCompile Include="VehicleSystem\VehicleSeatActionSteeringWheel.cpp">
      <Filter>Vehicle Files\Seat Actions</Filter>
    </ClCompile>
    <ClCompile Include="VehicleSystem\VehicleSeatActionWeapons.cpp">
      <Filter>Vehicle Files\Seat Actions</Filter>
    </ClCompile>
    <ClCompile Include="VehicleSystem\VehicleUsableActionEnter.cpp">
      <Filter>Vehicle Files\Actions</Filter>
    </ClCompile>
    <ClCompile Include="VehicleSystem\VehicleDamages.cpp">
      <Filter>Vehicle Files\Damages</Filter>
    </ClCompile>
    <ClCompile Include="VehicleSystem\VehicleDamagesGroup.cpp">
      <Filter>Vehicle Files\Damages</Filter>
    </ClCompile>
    <ClCompile Include="VehicleSystem\VehicleDamagesTemplateRegistry.cpp">
      <Filter>Vehicle Files\Damages</Filter>
    </ClCompile>
    <ClCompile Include="VehicleSystem\VehicleDamageBehaviorAISignal.cpp">
      <Filter>Vehicle Files\Damages\Damage Behaviors</Filter>
    </ClCompile>
    <ClCompile Include="VehicleSystem\VehicleDamageBehaviorDestroy.cpp">
      <Filter>Vehicle Files\Damages\Damage Behaviors</Filter>
    </ClCompile>
    <ClCompile Include="VehicleSystem\VehicleDamageBehaviorDestroyTread.cpp">
      <Filter>Vehicle Files\Damages\Damage Behaviors</Filter>
    </ClCompile>
    <ClCompile Include="VehicleSystem\VehicleDamageBehaviorDetachPart.cpp">
      <Filter>Vehicle Files\Damages\Damage Behaviors</Filter>
    </ClCompile>
    <ClCompile Include="VehicleSystem\VehicleDamageBehaviorEffect.cpp">
      <Filter>Vehicle Files\Damages\Damage Behaviors</Filter>
    </ClCompile>
    <ClCompile Include="VehicleSystem\VehicleDamageBehaviorGroup.cpp">
      <Filter>Vehicle Files\Damages\Damage Behaviors</Filter>
    </ClCompile>
    <ClCompile Include="VehicleSystem\VehicleDamageBehaviorHitPassenger.cpp">
      <Filter>Vehicle Files\Damages\Damage Behaviors</Filter>
    </ClCompile>
    <ClCompile Include="VehicleSystem\VehicleDamageBehaviorImpulse.cpp">
      <Filter>Vehicle Files\Damages\Damage Behaviors</Filter>
    </ClCompile>
    <ClCompile Include="VehicleSystem\VehicleDamageBehaviorIndicator.cpp">
      <Filter>Vehicle Files\Damages\Damage Behaviors</Filter>
    </ClCompile>
    <ClCompile Include="VehicleSystem\VehicleDamageBehaviorMovementNotification.cpp">
      <Filter>Vehicle Files\Damages\Damage Behaviors</Filter>
    </ClCompile>
    <ClCompile Include="VehicleSystem\VehicleDamageBehaviorSink.cpp">
      <Filter>Vehicle Files\Damages\Damage Behaviors</Filter>
    </ClCompile>
    <ClCompile Include="VehicleSystem\VehicleDamageBehaviorSpawnDebris.cpp">
      <Filter>Vehicle Files\Damages\Damage Behaviors</Filter>
    </ClCompile>
    <ClCompile Include="VehicleSystem\VehicleSeatSerializer.cpp">
      <Filter>Vehicle Files\Network</Filter>
    </ClCompile>
    <ClCompile Include="AIHandler.cpp">
      <Filter>AI Files</Filter>
    </ClCompile>
    <ClCompile Include="AIProxy.cpp">
      <Filter>AI Files</Filter>
    </ClCompile>
    <ClCompile Include="AIReadabilityManager.cpp">
      <Filter>AI Files</Filter>
    </ClCompile>
    <ClCompile Include="ScriptBind_AI.cpp">
      <Filter>AI Files</Filter>
    </ClCompile>
    <ClCompile Include="FlowSystem\FlowData.cpp">
      <Filter>Flow System Files</Filter>
    </ClCompile>
    <ClCompile Include="FlowSystem\FlowGraph.cpp">
      <Filter>Flow System Files</Filter>
    </ClCompile>
    <ClCompile Include="FlowSystem\FlowSerialize.cpp">
      <Filter>Flow System Files</Filter>
    </ClCompile>
    <ClCompile Include="FlowSystem\FlowSystem.cpp">
      <Filter>Flow System Files</Filter>
    </ClCompile>
    <ClCompile Include="FlowSystem\FlowSystemCVars.cpp">
      <Filter>Flow System Files</Filter>
    </ClCompile>
    <ClCompile Include="FlowSystem\Nodes\AngularInterpolatorNode.cpp">
      <Filter>Flow System Files\Nodes</Filter>
    </ClCompile>
    <ClCompile Include="FlowSystem\Nodes\ComputeLightingNode.cpp">
      <Filter>Flow System Files\Nodes</Filter>
    </ClCompile>
    <ClCompile Include="FlowSystem\Nodes\EntitiesInRangeNode.cpp">
      <Filter>Flow System Files\Nodes</Filter>
    </ClCompile>
    <ClCompile Include="FlowSystem\Nodes\FlowCameraNodes.cpp">
      <Filter>Flow System Files\Nodes</Filter>
    </ClCompile>
    <ClCompile Include="FlowSystem\Nodes\FlowCompositeNode.cpp">
      <Filter>Flow System Files\Nodes</Filter>
    </ClCompile>
    <ClCompile Include="FlowSystem\Nodes\FlowConditionNode.cpp">
      <Filter>Flow System Files\Nodes</Filter>
    </ClCompile>
    <ClCompile Include="FlowSystem\Nodes\FlowCVarsNode.cpp">
      <Filter>Flow System Files\Nodes</Filter>
    </ClCompile>
    <ClCompile Include="FlowSystem\Nodes\FlowDelayNode.cpp">
      <Filter>Flow System Files\Nodes</Filter>
    </ClCompile>
    <ClCompile Include="FlowSystem\Nodes\FlowEngineEffectsNodes.cpp">
      <Filter>Flow System Files\Nodes</Filter>
    </ClCompile>
    <ClCompile Include="FlowSystem\Nodes\FlowEngineNodes.cpp">
      <Filter>Flow System Files\Nodes</Filter>
    </ClCompile>
    <ClCompile Include="FlowSystem\Nodes\FlowEntityNode.cpp">
      <Filter>Flow System Files\Nodes</Filter>
    </ClCompile>
    <ClCompile Include="FlowSystem\Nodes\FlowEnvironmentNodes.cpp">
      <Filter>Flow System Files\Nodes</Filter>
    </ClCompile>
    <ClCompile Include="FlowSystem\Nodes\FlowFlashInvokeNode.cpp">
      <Filter>Flow System Files\Nodes</Filter>
    </ClCompile>
    <ClCompile Include="FlowSystem\Nodes\FlowGameNodes.cpp">
      <Filter>Flow System Files\Nodes</Filter>
    </ClCompile>
    <ClCompile Include="FlowSystem\Nodes\FlowHUDNodes.cpp">
      <Filter>Flow System Files\Nodes</Filter>
    </ClCompile>
    <ClCompile Include="FlowSystem\Nodes\FlowInputNode.cpp">
      <Filter>Flow System Files\Nodes</Filter>
    </ClCompile>
    <ClCompile Include="FlowSystem\Nodes\FlowInterpolNodes.cpp">
      <Filter>Flow System Files\Nodes</Filter>
    </ClCompile>
    <ClCompile Include="FlowSystem\Nodes\FlowInventoryNodes.cpp">
      <Filter>Flow System Files\Nodes</Filter>
    </ClCompile>
    <ClCompile Include="FlowSystem\Nodes\FlowLogicNodes.cpp">
      <Filter>Flow System Files\Nodes</Filter>
    </ClCompile>
    <ClCompile Include="FlowSystem\Nodes\FlowLogInput.cpp">
      <Filter>Flow System Files\Nodes</Filter>
    </ClCompile>
    <ClCompile Include="FlowSystem\Nodes\FlowLogNode.cpp">
      <Filter>Flow System Files\Nodes</Filter>
    </ClCompile>
    <ClCompile Include="FlowSystem\Nodes\FlowMathNodes.cpp">
      <Filter>Flow System Files\Nodes</Filter>
    </ClCompile>
    <ClCompile Include="FlowSystem\Nodes\FlowMissionNodes.cpp">
      <Filter>Flow System Files\Nodes</Filter>
    </ClCompile>
    <ClCompile Include="FlowSystem\Nodes\FlowMovieNodes.cpp">
      <Filter>Flow System Files\Nodes</Filter>
    </ClCompile>
    <ClCompile Include="FlowSystem\Nodes\FlowMusicLogicControlNode.cpp">
      <Filter>Flow System Files\Nodes</Filter>
    </ClCompile>
    <ClCompile Include="FlowSystem\Nodes\FlowNode_ColliderMode.cpp">
      <Filter>Flow System Files\Nodes</Filter>
    </ClCompile>
    <ClCompile Include="FlowSystem\Nodes\FlowNodeAI.cpp">
      <Filter>Flow System Files\Nodes</Filter>
    </ClCompile>
    <ClCompile Include="FlowSystem\Nodes\FlowNodeAIAction.cpp">
      <Filter>Flow System Files\Nodes</Filter>
    </ClCompile>
    <ClCompile Include="FlowSystem\Nodes\FlowNoiseNodes.cpp">
      <Filter>Flow System Files\Nodes</Filter>
    </ClCompile>
    <ClCompile Include="FlowSystem\Nodes\FlowPhysicsNodes.cpp">
      <Filter>Flow System Files\Nodes</Filter>
    </ClCompile>
    <ClCompile Include="FlowSystem\Nodes\FlowPlotNode.cpp">
      <Filter>Flow System Files\Nodes</Filter>
    </ClCompile>
    <ClCompile Include="FlowSystem\Nodes\FlowSaveGameNode.cpp">
      <Filter>Flow System Files\Nodes</Filter>
    </ClCompile>
    <ClCompile Include="FlowSystem\Nodes\FlowScriptedNode.cpp">
      <Filter>Flow System Files\Nodes</Filter>
    </ClCompile>
    <ClCompile Include="FlowSystem\Nodes\FlowSoundDialog.cpp">
      <Filter>Flow System Files\Nodes</Filter>
    </ClCompile>
    <ClCompile Include="FlowSystem\Nodes\FlowSoundMoodNode.cpp">
      <Filter>Flow System Files\Nodes</Filter>
    </ClCompile>
    <ClCompile Include="FlowSystem\Nodes\FlowSoundVolumeNodes.cpp">
      <Filter>Flow System Files\Nodes</Filter>
    </ClCompile>
    <ClCompile Include="FlowSystem\Nodes\FlowStartNode.cpp">
      <Filter>Flow System Files\Nodes</Filter>
    </ClCompile>
    <ClCompile Include="FlowSystem\Nodes\FlowStatsNodes.cpp">
      <Filter>Flow System Files\Nodes</Filter>
    </ClCompile>
    <ClCompile Include="FlowSystem\Nodes\FlowStringNodes.cpp">
      <Filter>Flow System Files\Nodes</Filter>
    </ClCompile>
    <ClCompile Include="FlowSystem\Nodes\FlowTimeNode.cpp">
      <Filter>Flow System Files\Nodes</Filter>
    </ClCompile>
    <ClCompile Include="FlowSystem\Nodes\FlowVideoPlayerNode.cpp">
      <Filter>Flow System Files\Nodes</Filter>
    </ClCompile>
    <ClCompile Include="FlowSystem\Nodes\FlowWeaponNodes.cpp">
      <Filter>Flow System Files\Nodes</Filter>
    </ClCompile>
    <ClCompile Include="FlowSystem\Nodes\GameTokenNode.cpp">
      <Filter>Flow System Files\Nodes</Filter>
    </ClCompile>
    <ClCompile Include="FlowSystem\Nodes\IndexerNode.cpp">
      <Filter>Flow System Files\Nodes</Filter>
    </ClCompile>
    <ClCompile Include="FlowSystem\Nodes\LinearInterpolatorNode.cpp">
      <Filter>Flow System Files\Nodes</Filter>
    </ClCompile>
    <ClCompile Include="FlowSystem\Nodes\MultiplexerNode.cpp">
      <Filter>Flow System Files\Nodes</Filter>
    </ClCompile>
    <ClCompile Include="FlowSystem\Nodes\OwnerAngularInterpolatorNode.cpp">
      <Filter>Flow System Files\Nodes</Filter>
    </ClCompile>
    <ClCompile Include="FlowSystem\Nodes\OwnerAngularRotationNode.cpp">
      <Filter>Flow System Files\Nodes</Filter>
    </ClCompile>
    <ClCompile Include="FlowSystem\Nodes\OwnerLinearInterpolatorNode.cpp">
      <Filter>Flow System Files\Nodes</Filter>
    </ClCompile>
    <ClCompile Include="FlowSystem\Nodes\PlayCGANode.cpp">
      <Filter>Flow System Files\Nodes</Filter>
    </ClCompile>
    <ClCompile Include="FlowSystem\Nodes\PlaySequenceNode.cpp">
      <Filter>Flow System Files\Nodes</Filter>
    </ClCompile>
    <ClCompile Include="FlowSystem\Nodes\PlaySoundNode.cpp">
      <Filter>Flow System Files\Nodes</Filter>
    </ClCompile>
    <ClCompile Include="FlowSystem\Nodes\Vehicle\FlowVehicleAttachment.cpp">
      <Filter>Flow System Files\Nodes\Vehicle</Filter>
    </ClCompile>
    <ClCompile Include="FlowSystem\Nodes\Vehicle\FlowVehicleBase.cpp">
      <Filter>Flow System Files\Nodes\Vehicle</Filter>
    </ClCompile>
    <ClCompile Include="FlowSystem\Nodes\Vehicle\FlowVehicleDamage.cpp">
      <Filter>Flow System Files\Nodes\Vehicle</Filter>
    </ClCompile>
    <ClCompile Include="FlowSystem\Nodes\Vehicle\FlowVehicleHorn.cpp">
      <Filter>Flow System Files\Nodes\Vehicle</Filter>
    </ClCompile>
    <ClCompile Include="FlowSystem\Nodes\Vehicle\FlowVehicleLights.cpp">
      <Filter>Flow System Files\Nodes\Vehicle</Filter>
    </ClCompile>
    <ClCompile Include="FlowSystem\Nodes\Vehicle\FlowVehicleMoveActionMult.cpp">
      <Filter>Flow System Files\Nodes\Vehicle</Filter>
    </ClCompile>
    <ClCompile Include="FlowSystem\Nodes\Vehicle\FlowVehicleMovement.cpp">
      <Filter>Flow System Files\Nodes\Vehicle</Filter>
    </ClCompile>
    <ClCompile Include="FlowSystem\Nodes\Vehicle\FlowVehiclePassenger.cpp">
      <Filter>Flow System Files\Nodes\Vehicle</Filter>
    </ClCompile>
    <ClCompile Include="FlowSystem\Nodes\Vehicle\FlowVehicleSeat.cpp">
      <Filter>Flow System Files\Nodes\Vehicle</Filter>
    </ClCompile>
    <ClCompile Include="FlowSystem\Nodes\Vehicle\FlowVehicleTurret.cpp">
      <Filter>Flow System Files\Nodes\Vehicle</Filter>
    </ClCompile>
    <ClCompile Include="FlowSystem\Inspectors\FlowFilters.cpp">
      <Filter>Flow System Files\Inspectors</Filter>
    </ClCompile>
    <ClCompile Include="FlowSystem\Inspectors\FlowInspectorDefault.cpp">
      <Filter>Flow System Files\Inspectors</Filter>
    </ClCompile>
    <ClCompile Include="Serialization\GameSerialize.cpp">
      <Filter>Serialization</Filter>
    </ClCompile>
    <ClCompile Include="Serialization\GameSerialize_FactoryRegistration.cpp">
      <Filter>Serialization</Filter>
    </ClCompile>
    <ClCompile Include="Serialization\XMLScriptLoader.cpp">
      <Filter>Serialization\Script XML Helpers</Filter>
    </ClCompile>
    <ClCompile Include="Serialization\SerializeScriptTableReader.cpp">
      <Filter>Serialization\Serialize to script</Filter>
    </ClCompile>
    <ClCompile Include="Serialization\SerializeScriptTableWriter.cpp">
      <Filter>Serialization\Serialize to script</Filter>
    </ClCompile>
    <ClCompile Include="Serialization\BinarySaveGame.cpp">
      <Filter>Serialization\Binary Save Games</Filter>
    </ClCompile>
    <ClCompile Include="Serialization\ViewNoteSaveGame.cpp">
      <Filter>Serialization\XML Save Games %28primarily used for viewnotes and testing%29</Filter>
    </ClCompile>
    <ClCompile Include="Serialization\XmlLoadGame.cpp">
      <Filter>Serialization\XML Save Games %28primarily used for viewnotes and testing%29</Filter>
    </ClCompile>
    <ClCompile Include="Serialization\XmlSaveGame.cpp">
      <Filter>Serialization\XML Save Games %28primarily used for viewnotes and testing%29</Filter>
    </ClCompile>
    <ClCompile Include="GameObjects\CameraSource.cpp">
      <Filter>Game Objects</Filter>
    </ClCompile>
    <ClCompile Include="GameObjects\GameObject.cpp">
      <Filter>Game Objects</Filter>
    </ClCompile>
    <ClCompile Include="GameObjects\GameObjectDispatch.cpp">
      <Filter>Game Objects</Filter>
    </ClCompile>
    <ClCompile Include="GameObjects\GameObjectSystem.cpp">
      <Filter>Game Objects</Filter>
    </ClCompile>
    <ClCompile Include="GameObjects\GameObjectSystem_FactoryRegistration.cpp">
      <Filter>Game Objects</Filter>
    </ClCompile>
    <ClCompile Include="GameObjects\Interactor.cpp">
      <Filter>Game Objects</Filter>
    </ClCompile>
    <ClCompile Include="GameObjects\WorldQuery.cpp">
      <Filter>Game Objects</Filter>
    </ClCompile>
    <ClCompile Include="GameRulesSystem.cpp">
      <Filter>GameRules Files</Filter>
    </ClCompile>
    <ClCompile Include="AnimationGraph\AGAnimation.cpp">
      <Filter>AnimationGraph\Animation Configuration Classes</Filter>
    </ClCompile>
    <ClCompile Include="AnimationGraph\AGAttachmentEffect.cpp">
      <Filter>AnimationGraph\Animation Configuration Classes</Filter>
    </ClCompile>
    <ClCompile Include="AnimationGraph\AGColliderMode.cpp">
      <Filter>AnimationGraph\Animation Configuration Classes</Filter>
    </ClCompile>
    <ClCompile Include="AnimationGraph\AGFacial.cpp">
      <Filter>AnimationGraph\Animation Configuration Classes</Filter>
    </ClCompile>
    <ClCompile Include="AnimationGraph\AGForceStartImmediately.cpp">
      <Filter>AnimationGraph\Animation Configuration Classes</Filter>
    </ClCompile>
    <ClCompile Include="AnimationGraph\AGLookIkOverride.cpp">
      <Filter>AnimationGraph\Animation Configuration Classes</Filter>
    </ClCompile>
    <ClCompile Include="AnimationGraph\AGMovementControlMethod.cpp">
      <Filter>AnimationGraph\Animation Configuration Classes</Filter>
    </ClCompile>
    <ClCompile Include="AnimationGraph\AGOutput.cpp">
      <Filter>AnimationGraph\Animation Configuration Classes</Filter>
    </ClCompile>
    <ClCompile Include="AnimationGraph\AGParams.cpp">
      <Filter>AnimationGraph\Animation Configuration Classes</Filter>
    </ClCompile>
    <ClCompile Include="AnimationGraph\AGSetInput.cpp">
      <Filter>AnimationGraph\Animation Configuration Classes</Filter>
    </ClCompile>
    <ClCompile Include="AnimationGraph\AGSound.cpp">
      <Filter>AnimationGraph\Animation Configuration Classes</Filter>
    </ClCompile>
    <ClCompile Include="AnimationGraph\AGTransitionParams.cpp">
      <Filter>AnimationGraph\Animation Configuration Classes</Filter>
    </ClCompile>
    <ClCompile Include="AnimationGraph\AGWaitForUBAllowed.cpp">
      <Filter>AnimationGraph\Animation Configuration Classes</Filter>
    </ClCompile>
    <ClCompile Include="AnimationGraph\AnimEvent.cpp">
      <Filter>AnimationGraph\Animation Configuration Classes</Filter>
    </ClCompile>
    <ClCompile Include="AnimationGraph\AnimPhysicsNodes.cpp">
      <Filter>AnimationGraph\Animation Configuration Classes</Filter>
    </ClCompile>
    <ClCompile Include="AnimationGraph\AnimationGraph.cpp">
      <Filter>AnimationGraph\System Files</Filter>
    </ClCompile>
    <ClCompile Include="AnimationGraph\AnimationGraphCVars.cpp">
      <Filter>AnimationGraph\System Files</Filter>
    </ClCompile>
    <ClCompile Include="AnimationGraph\AnimationGraphManager.cpp">
      <Filter>AnimationGraph\System Files</Filter>
    </ClCompile>
    <ClCompile Include="AnimationGraph\AnimationGraphManager_RegisterFactories.cpp">
      <Filter>AnimationGraph\System Files</Filter>
    </ClCompile>
    <ClCompile Include="AnimationGraph\AnimationGraphState.cpp">
      <Filter>AnimationGraph\System Files</Filter>
    </ClCompile>
    <ClCompile Include="AnimationGraph\AnimationGraphStates.cpp">
      <Filter>AnimationGraph\System Files</Filter>
    </ClCompile>
    <ClCompile Include="AnimationGraph\AnimationGraphTemplate.cpp">
      <Filter>AnimationGraph\System Files</Filter>
    </ClCompile>
    <ClCompile Include="AnimationGraph\AnimationTrigger.cpp">
      <Filter>AnimationGraph\System Files</Filter>
    </ClCompile>
    <ClCompile Include="AnimationGraph\ExactPositioning.cpp">
      <Filter>AnimationGraph\System Files</Filter>
    </ClCompile>
    <ClCompile Include="AnimationGraph\PreprocessLinksAndStates.cpp">
      <Filter>AnimationGraph\System Files</Filter>
    </ClCompile>
    <ClCompile Include="AnimationGraph\RangeMerger.cpp">
      <Filter>AnimationGraph\System Files</Filter>
    </ClCompile>
    <ClCompile Include="AnimationGraph\StateIndex.cpp">
      <Filter>AnimationGraph\System Files</Filter>
    </ClCompile>
    <ClCompile Include="AnimationGraph\AnimatedCharacter.cpp">
      <Filter>AnimationGraph\Game Object</Filter>
    </ClCompile>
    <ClCompile Include="AnimationGraph\AnimatedCharacterPPS.cpp">
      <Filter>AnimationGraph\Game Object</Filter>
    </ClCompile>
    <ClCompile Include="AnimationGraph\AnimatedCharacterPPS_Common.cpp">
      <Filter>AnimationGraph\Game Object</Filter>
    </ClCompile>
    <ClCompile Include="AnimationGraph\AnimatedCharacterPPS_Debug.cpp">
      <Filter>AnimationGraph\Game Object</Filter>
    </ClCompile>
    <ClCompile Include="AnimationGraph\AnimatedCharacterPPS_ParamCalculation.cpp">
      <Filter>AnimationGraph\Game Object</Filter>
    </ClCompile>
    <ClCompile Include="AnimationGraph\AnimatedCharacterPPS_StateSelection.cpp">
      <Filter>AnimationGraph\Game Object</Filter>
    </ClCompile>
    <ClCompile Include="AnimationGraph\DebugHistory.cpp">
      <Filter>AnimationGraph\Game Object</Filter>
    </ClCompile>
    <ClCompile Include="AnimationGraph\HumanBlending.cpp">
      <Filter>AnimationGraph\Game Object</Filter>
    </ClCompile>
    <ClCompile Include="AnimationGraph\MGDelayEntering.cpp">
      <Filter>AnimationGraph\Music Configuration Classes</Filter>
    </ClCompile>
    <ClCompile Include="AnimationGraph\MGDelayLeaving.cpp">
      <Filter>AnimationGraph\Music Configuration Classes</Filter>
    </ClCompile>
    <ClCompile Include="AnimationGraph\MGEndMusic.cpp">
      <Filter>AnimationGraph\Music Configuration Classes</Filter>
    </ClCompile>
    <ClCompile Include="AnimationGraph\MGMood.cpp">
      <Filter>AnimationGraph\Music Configuration Classes</Filter>
    </ClCompile>
    <ClCompile Include="AnimationGraph\MGStinger.cpp">
      <Filter>AnimationGraph\Music Configuration Classes</Filter>
    </ClCompile>
    <ClCompile Include="AnimationGraph\MGTheme.cpp">
      <Filter>AnimationGraph\Music Configuration Classes</Filter>
    </ClCompile>
    <ClCompile Include="TimeDemo\TimeDemoRecorder.cpp">
      <Filter>TimeDemo</Filter>
    </ClCompile>
    <ClCompile Include="MaterialEffects\IMFXEffect.cpp">
      <Filter>MaterialEffects</Filter>
    </ClCompile>
    <ClCompile Include="MaterialEffects\MaterialEffects.cpp">
      <Filter>MaterialEffects</Filter>
    </ClCompile>
    <ClCompile Include="MaterialEffects\MaterialEffectsCVars.cpp">
      <Filter>MaterialEffects</Filter>
    </ClCompile>
    <ClCompile Include="materialeffects\MaterialFGManager.cpp">
      <Filter>MaterialEffects</Filter>
    </ClCompile>
    <ClCompile Include="materialeffects\MaterialHUDFXNodes.cpp">
      <Filter>MaterialEffects</Filter>
    </ClCompile>
    <ClCompile Include="MaterialEffects\MFXDecalEffect.cpp">
      <Filter>MaterialEffects</Filter>
    </ClCompile>
    <ClCompile Include="MaterialEffects\MFXEffect.cpp">
      <Filter>MaterialEffects</Filter>
    </ClCompile>
    <ClCompile Include="materialeffects\MFXFlowGraphEffect.cpp">
      <Filter>MaterialEffects</Filter>
    </ClCompile>
    <ClCompile Include="MaterialEffects\MFXParticleEffect.cpp">
      <Filter>MaterialEffects</Filter>
    </ClCompile>
    <ClCompile Include="MaterialEffects\MFXRandomEffect.cpp">
      <Filter>MaterialEffects</Filter>
    </ClCompile>
    <ClCompile Include="MaterialEffects\MFXSoundEffect.cpp">
      <Filter>MaterialEffects</Filter>
    </ClCompile>
    <ClCompile Include="MaterialEffects\ScriptBind_MaterialEffects.cpp">
      <Filter>MaterialEffects</Filter>
    </ClCompile>
    <ClCompile Include="GameTokens\GameToken.cpp">
      <Filter>GameTokens</Filter>
    </ClCompile>
    <ClCompile Include="GameTokens\GameTokenSystem.cpp">
      <Filter>GameTokens</Filter>
    </ClCompile>
    <ClCompile Include="EffectSystem\BloodSplats.cpp">
      <Filter>EffectSystem</Filter>
    </ClCompile>
    <ClCompile Include="EffectSystem\Effect.cpp">
      <Filter>EffectSystem</Filter>
    </ClCompile>
    <ClCompile Include="EffectSystem\EffectSystem.cpp">
      <Filter>EffectSystem</Filter>
    </ClCompile>
    <ClCompile Include="EffectSystem\GroundEffect.cpp">
      <Filter>EffectSystem</Filter>
    </ClCompile>
    <ClCompile Include="UIDraw\UIDraw.cpp">
      <Filter>UIDraw</Filter>
    </ClCompile>
    <ClCompile Include="PersistantDebug.cpp">
      <Filter>DebugHelpers</Filter>
    </ClCompile>
    <ClCompile Include="PlayerProfiles\BMPHelper.cpp">
      <Filter>PlayerProfiles</Filter>
    </ClCompile>
    <ClCompile Include="PlayerProfiles\PlayerProfile.cpp">
      <Filter>PlayerProfiles</Filter>
    </ClCompile>
    <ClCompile Include="PlayerProfiles\PlayerProfileImplFS.cpp">
      <Filter>PlayerProfiles</Filter>
    </ClCompile>
    <ClCompile Include="PlayerProfiles\PlayerProfileImplRSFHelper.cpp">
      <Filter>PlayerProfiles</Filter>
    </ClCompile>
    <ClCompile Include="PlayerProfiles\PlayerProfileManager.cpp">
      <Filter>PlayerProfiles</Filter>
    </ClCompile>
    <ClCompile Include="DialogSystem\DialogActorContext.cpp">
      <Filter>Dialog System</Filter>
    </ClCompile>
    <ClCompile Include="DialogSystem\DialogLoader.cpp">
      <Filter>Dialog System</Filter>
    </ClCompile>
    <ClCompile Include="DialogSystem\DialogLoaderMK2.cpp">
      <Filter>Dialog System</Filter>
    </ClCompile>
    <ClCompile Include="DialogSystem\DialogScript.cpp">
      <Filter>Dialog System</Filter>
    </ClCompile>
    <ClCompile Include="DialogSystem\DialogSession.cpp">
      <Filter>Dialog System</Filter>
    </ClCompile>
    <ClCompile Include="DialogSystem\DialogSystem.cpp">
      <Filter>Dialog System</Filter>
    </ClCompile>
    <ClCompile Include="DialogSystem\FlowDialogNode.cpp">
      <Filter>Dialog System</Filter>
    </ClCompile>
    <ClCompile Include="DialogSystem\ScriptBind_DialogSystem.cpp">
      <Filter>Dialog System</Filter>
    </ClCompile>
    <ClCompile Include="SubtitleManager.cpp">
      <Filter>Dialog System</Filter>
    </ClCompile>
    <ClCompile Include="Network\CVarListProcessor.cpp">
      <Filter>Network Files</Filter>
    </ClCompile>
    <ClCompile Include="Network\NetworkCVars.cpp">
      <Filter>Network Files</Filter>
    </ClCompile>
    <ClCompile Include="Network\CET_ActionMap.cpp">
      <Filter>Network Files\Context Establishment Tasks</Filter>
    </ClCompile>
    <ClCompile Include="Network\CET_ClassRegistry.cpp">
      <Filter>Network Files\Context Establishment Tasks</Filter>
    </ClCompile>
    <ClCompile Include="Network\CET_CVars.cpp">
      <Filter>Network Files\Context Establishment Tasks</Filter>
    </ClCompile>
    <ClCompile Include="Network\CET_DemoMode.cpp">
      <Filter>Network Files\Context Establishment Tasks</Filter>
    </ClCompile>
    <ClCompile Include="Network\CET_EntitySystem.cpp">
      <Filter>Network Files\Context Establishment Tasks</Filter>
    </ClCompile>
    <ClCompile Include="Network\CET_GameRules.cpp">
      <Filter>Network Files\Context Establishment Tasks</Filter>
    </ClCompile>
    <ClCompile Include="Network\CET_LevelLoading.cpp">
      <Filter>Network Files\Context Establishment Tasks</Filter>
    </ClCompile>
    <ClCompile Include="Network\CET_NetConfig.cpp">
      <Filter>Network Files\Context Establishment Tasks</Filter>
    </ClCompile>
    <ClCompile Include="Network\CET_View.cpp">
      <Filter>Network Files\Context Establishment Tasks</Filter>
    </ClCompile>
    <ClCompile Include="Network\ObjectSelector.cpp">
      <Filter>Network Files\Helpers</Filter>
    </ClCompile>
    <ClCompile Include="Network\ClassRegistryReplicator.cpp">
      <Filter>Network Files\Core</Filter>
    </ClCompile>
    <ClCompile Include="Network\GameChannel.cpp">
      <Filter>Network Files\Core</Filter>
    </ClCompile>
    <ClCompile Include="Network\GameClientChannel.cpp">
      <Filter>Network Files\Core</Filter>
    </ClCompile>
    <ClCompile Include="Network\GameClientNub.cpp">
      <Filter>Network Files\Core</Filter>
    </ClCompile>
    <ClCompile Include="Network\GameContext.cpp">
      <Filter>Network Files\Core</Filter>
    </ClCompile>
    <ClCompile Include="Network\GameContext_RegisterExtensions.cpp">
      <Filter>Network Files\Core</Filter>
    </ClCompile>
    <ClCompile Include="Network\GameQueryListener.cpp">
      <Filter>Network Files\Core</Filter>
    </ClCompile>
    <ClCompile Include="Network\GameServerChannel.cpp">
      <Filter>Network Files\Core</Filter>
    </ClCompile>
    <ClCompile Include="Network\GameServerNub.cpp">
      <Filter>Network Files\Core</Filter>
    </ClCompile>
    <ClCompile Include="Network\PhysicsSync.cpp">
      <Filter>Network Files\Core</Filter>
    </ClCompile>
    <ClCompile Include="Network\ScriptBind_Network.cpp">
      <Filter>Network Files\Core</Filter>
    </ClCompile>
    <ClCompile Include="Network\ScriptRMI.cpp">
      <Filter>Network Files\Core</Filter>
    </ClCompile>
    <ClCompile Include="Network\ScriptSerialize.cpp">
      <Filter>Network Files\Core</Filter>
    </ClCompile>
    <ClCompile Include="Network\ServerTimer.cpp">
      <Filter>Network Files\Core</Filter>
    </ClCompile>
    <ClCompile Include="Network\VoiceController.cpp">
      <Filter>Network Files\Voice</Filter>
    </ClCompile>
    <ClCompile Include="Network\VoiceListener.cpp">
      <Filter>Network Files\Voice</Filter>
    </ClCompile>
    <ClCompile Include="Network\BreakReplicator.cpp">
      <Filter>Network Files\Breakability</Filter>
    </ClCompile>
    <ClCompile Include="Network\DeformingBreak.cpp">
      <Filter>Network Files\Breakability</Filter>
    </ClCompile>
    <ClCompile Include="Network\ExplosiveObjectState.cpp">
      <Filter>Network Files\Breakability</Filter>
    </ClCompile>
    <ClCompile Include="Network\GenericPlaybackListener.cpp">
      <Filter>Network Files\Breakability</Filter>
    </ClCompile>
    <ClCompile Include="Network\GenericRecordingListener.cpp">
      <Filter>Network Files\Breakability</Filter>
    </ClCompile>
    <ClCompile Include="Network\JointBreak.cpp">
      <Filter>Network Files\Breakability</Filter>
    </ClCompile>
    <ClCompile Include="Network\PlaneBreak.cpp">
      <Filter>Network Files\Breakability</Filter>
    </ClCompile>
    <ClCompile Include="Network\ProceduralBreak.cpp">
      <Filter>Network Files\Breakability</Filter>
    </ClCompile>
    <ClCompile Include="Network\ProceduralBreakingBaseListener.cpp">
      <Filter>Network Files\Breakability</Filter>
    </ClCompile>
    <ClCompile Include="Network\ProceduralBreakingPlaybackListener.cpp">
      <Filter>Network Files\Breakability</Filter>
    </ClCompile>
    <ClCompile Include="Network\ProceduralBreakingRecordingListener.cpp">
      <Filter>Network Files\Breakability</Filter>
    </ClCompile>
    <ClCompile Include="Network\SimulateRemoveEntityParts.cpp">
      <Filter>Network Files\Breakability</Filter>
    </ClCompile>
    <ClCompile Include="Network\GameStats.cpp">
      <Filter>Network Files\GameSpy Stats</Filter>
    </ClCompile>
    <ClCompile Include="Network\GameStatsConfig.cpp">
      <Filter>Network Files\GameSpy Stats</Filter>
    </ClCompile>
    <ClCompile Include="RemoteControl\RConClientListener.cpp">
      <Filter>RCon</Filter>
    </ClCompile>
    <ClCompile Include="RemoteControl\RConServerListener.cpp">
      <Filter>RCon</Filter>
    </ClCompile>
    <ClCompile Include="SimpleHttpServer\SimpleHttpServerListener.cpp">
      <Filter>Http</Filter>
    </ClCompile>
    <ClCompile Include="BreakablePlane.cpp">
      <Filter>Physics Helpers</Filter>
    </ClCompile>
    <ClCompile Include="GameplayRecorder\GameplayRecorder.cpp">
      <Filter>GameplayRecorder Files</Filter>
    </ClCompile>
    <ClCompile Include="Analyst.cpp">
      <Filter>GameplayRecorder Files\Gameplay Analyst</Filter>
    </ClCompile>
    <ClCompile Include="DebrisMgr\DebrisMgr.cpp">
      <Filter>DebrisManager</Filter>
    </ClCompile>
    <ClCompile Include="MetadataRecorder\MetadataRecorder.cpp">
      <Filter>MetadataRecorder</Filter>
    </ClCompile>
    <ClCompile Include="MusicLogic\MusicLogic.cpp">
      <Filter>Music Logic</Filter>
    </ClCompile>
    <ClCompile Include="MusicLogic\ScriptBind_MusicLogic.cpp">
      <Filter>Music Logic</Filter>
    </ClCompile>
    <ClCompile Include="ModManager\ModManager.cpp">
      <Filter>ModManager</Filter>
    </ClCompile>
    <ClCompile Include="ActionGame.cpp" />
    <ClCompile Include="AIFaceManager.cpp" />
    <ClCompile Include="CallbackTimer.cpp" />
    <ClCompile Include="CryAction.cpp" />
    <ClCompile Include="CryActionCVars.cpp" />
    <ClCompile Include="DevMode.cpp" />
    <ClCompile Include="Main.cpp" />
    <ClCompile Include="ScriptBind_Action.cpp" />
    <ClCompile Include="StdAfx.cpp" />
    <ClCompile Include="TimeOfDayScheduler.cpp" />
  </ItemGroup>
  <ItemGroup>
    <ClInclude Include="ScriptBind_UI.h">
      <Filter>UI Files</Filter>
    </ClInclude>
    <ClInclude Include="UISystem.h">
      <Filter>UI Files</Filter>
    </ClInclude>
    <ClInclude Include="ViewNote.h">
      <Filter>UI Files</Filter>
    </ClInclude>
    <ClInclude Include="ActorSystem.h">
      <Filter>Actor Files</Filter>
    </ClInclude>
    <ClInclude Include="ScriptBind_ActorSystem.h">
      <Filter>Actor Files</Filter>
    </ClInclude>
    <ClInclude Include="IActionMapManager.h">
      <Filter>Interfaces</Filter>
    </ClInclude>
    <ClInclude Include="IActorSystem.h">
      <Filter>Interfaces</Filter>
    </ClInclude>
    <ClInclude Include="IAnimatedCharacter.h">
      <Filter>Interfaces</Filter>
    </ClInclude>
    <ClInclude Include="IAnimationGraph.h">
      <Filter>Interfaces</Filter>
    </ClInclude>
    <ClInclude Include="IAnimationGraph_info.h">
      <Filter>Interfaces</Filter>
    </ClInclude>
    <ClInclude Include="IAnimationStateNode.h">
      <Filter>Interfaces</Filter>
    </ClInclude>
    <ClInclude Include="IEffectSystem.h">
      <Filter>Interfaces</Filter>
    </ClInclude>
    <ClInclude Include="IGameObject.h">
      <Filter>Interfaces</Filter>
    </ClInclude>
    <ClInclude Include="IGameObjectSystem.h">
      <Filter>Interfaces</Filter>
    </ClInclude>
    <ClInclude Include="IGameplayRecorder.h">
      <Filter>Interfaces</Filter>
    </ClInclude>
    <ClInclude Include="IGameRulesSystem.h">
      <Filter>Interfaces</Filter>
    </ClInclude>
    <ClInclude Include="IInteractor.h">
      <Filter>Interfaces</Filter>
    </ClInclude>
    <ClInclude Include="IItem.h">
      <Filter>Interfaces</Filter>
    </ClInclude>
    <ClInclude Include="IItemSystem.h">
      <Filter>Interfaces</Filter>
    </ClInclude>
    <ClInclude Include="ILevelSystem.h">
      <Filter>Interfaces</Filter>
    </ClInclude>
    <ClInclude Include="ILoadGame.h">
      <Filter>Interfaces</Filter>
    </ClInclude>
    <ClInclude Include="IMetadataRecorder.h">
      <Filter>Interfaces</Filter>
    </ClInclude>
    <ClInclude Include="IMovementController.h">
      <Filter>Interfaces</Filter>
    </ClInclude>
    <ClInclude Include="IPlayerProfiles.h">
      <Filter>Interfaces</Filter>
    </ClInclude>
    <ClInclude Include="ISaveGame.h">
      <Filter>Interfaces</Filter>
    </ClInclude>
    <ClInclude Include="ISubtitleManager.h">
      <Filter>Interfaces</Filter>
    </ClInclude>
    <ClInclude Include="IUIDraw.h">
      <Filter>Interfaces</Filter>
    </ClInclude>
    <ClInclude Include="IVehicleSystem.h">
      <Filter>Interfaces</Filter>
    </ClInclude>
    <ClInclude Include="IViewSystem.h">
      <Filter>Interfaces</Filter>
    </ClInclude>
    <ClInclude Include="IWeapon.h">
      <Filter>Interfaces</Filter>
    </ClInclude>
    <ClInclude Include="IWorldQuery.h">
      <Filter>Interfaces</Filter>
    </ClInclude>
    <ClInclude Include="ActionFilter.h">
      <Filter>Action Files</Filter>
    </ClInclude>
    <ClInclude Include="ActionMap.h">
      <Filter>Action Files</Filter>
    </ClInclude>
    <ClInclude Include="ActionMapManager.h">
      <Filter>Action Files</Filter>
    </ClInclude>
    <ClInclude Include="ScriptBind_ActionMapManager.h">
      <Filter>Action Files</Filter>
    </ClInclude>
    <ClInclude Include="ViewSystem\View.h">
      <Filter>View Files</Filter>
    </ClInclude>
    <ClInclude Include="ViewSystem\ViewSystem.h">
      <Filter>View Files</Filter>
    </ClInclude>
    <ClInclude Include="EquipmentManager.h">
      <Filter>Item Files</Filter>
    </ClInclude>
    <ClInclude Include="Inventory.h">
      <Filter>Item Files</Filter>
    </ClInclude>
    <ClInclude Include="ItemParams.h">
      <Filter>Item Files</Filter>
    </ClInclude>
    <ClInclude Include="ItemSystem.h">
      <Filter>Item Files</Filter>
    </ClInclude>
    <ClInclude Include="ScriptBind_Inventory.h">
      <Filter>Item Files</Filter>
    </ClInclude>
    <ClInclude Include="ScriptBind_ItemSystem.h">
      <Filter>Item Files</Filter>
    </ClInclude>
    <ClInclude Include="Level.h">
      <Filter>Item Files\Level Files</Filter>
    </ClInclude>
    <ClInclude Include="LevelSystem.h">
      <Filter>Item Files\Level Files</Filter>
    </ClInclude>
    <ClInclude Include="ScriptBind_VehicleSystem.h">
      <Filter>Vehicle Files</Filter>
    </ClInclude>
    <ClInclude Include="VehicleSystem\VehicleCVars.h">
      <Filter>Vehicle Files</Filter>
    </ClInclude>
    <ClInclude Include="VehicleSystem.h">
      <Filter>Vehicle Files</Filter>
    </ClInclude>
    <ClInclude Include="VehicleSystem\ScriptBind_Vehicle.h">
      <Filter>Vehicle Files\Script</Filter>
    </ClInclude>
    <ClInclude Include="VehicleSystem\ScriptBind_VehicleSeat.h">
      <Filter>Vehicle Files\Script</Filter>
    </ClInclude>
    <ClInclude Include="VehicleSystem\VehicleViewActionThirdPerson.h">
      <Filter>Vehicle Files\Views</Filter>
    </ClInclude>
    <ClInclude Include="VehicleSystem\VehicleViewBase.h">
      <Filter>Vehicle Files\Views</Filter>
    </ClInclude>
    <ClInclude Include="VehicleSystem\VehicleViewFirstPerson.h">
      <Filter>Vehicle Files\Views</Filter>
    </ClInclude>
    <ClInclude Include="VehicleSystem\VehicleViewThirdPerson.h">
      <Filter>Vehicle Files\Views</Filter>
    </ClInclude>
    <ClInclude Include="VehicleSystem\VehiclePartAnimated.h">
      <Filter>Vehicle Files\Parts</Filter>
    </ClInclude>
    <ClInclude Include="VehicleSystem\VehiclePartAnimatedJoint.h">
      <Filter>Vehicle Files\Parts</Filter>
    </ClInclude>
    <ClInclude Include="VehicleSystem\VehiclePartAttachment.h">
      <Filter>Vehicle Files\Parts</Filter>
    </ClInclude>
    <ClInclude Include="VehicleSystem\VehiclePartBase.h">
      <Filter>Vehicle Files\Parts</Filter>
    </ClInclude>
    <ClInclude Include="VehicleSystem\VehiclePartDetachedEntity.h">
      <Filter>Vehicle Files\Parts</Filter>
    </ClInclude>
    <ClInclude Include="VehicleSystem\VehiclePartEntity.h">
      <Filter>Vehicle Files\Parts</Filter>
    </ClInclude>
    <ClInclude Include="VehicleSystem\VehiclePartLight.h">
      <Filter>Vehicle Files\Parts</Filter>
    </ClInclude>
    <ClInclude Include="VehicleSystem\VehiclePartMassBox.h">
      <Filter>Vehicle Files\Parts</Filter>
    </ClInclude>
    <ClInclude Include="VehicleSystem\VehiclePartStatic.h">
      <Filter>Vehicle Files\Parts</Filter>
    </ClInclude>
    <ClInclude Include="VehicleSystem\VehiclePartSubPart.h">
      <Filter>Vehicle Files\Parts</Filter>
    </ClInclude>
    <ClInclude Include="VehicleSystem\VehiclePartSubPartWheel.h">
      <Filter>Vehicle Files\Parts</Filter>
    </ClInclude>
    <ClInclude Include="VehicleSystem\VehiclePartTread.h">
      <Filter>Vehicle Files\Parts</Filter>
    </ClInclude>
    <ClInclude Include="VehicleSystem\Vehicle.h">
      <Filter>Vehicle Files\Main</Filter>
    </ClInclude>
    <ClInclude Include="VehicleSystem\VehicleAnimation.h">
      <Filter>Vehicle Files\Main</Filter>
    </ClInclude>
    <ClInclude Include="VehicleSystem\VehicleComponent.h">
      <Filter>Vehicle Files\Main</Filter>
    </ClInclude>
    <ClInclude Include="VehicleSystem\VehicleHelper.h">
      <Filter>Vehicle Files\Main</Filter>
    </ClInclude>
    <ClInclude Include="VehicleSystem\VehicleSeat.h">
      <Filter>Vehicle Files\Main</Filter>
    </ClInclude>
    <ClInclude Include="VehicleSystem\VehicleSeatGroup.h">
      <Filter>Vehicle Files\Main</Filter>
    </ClInclude>
    <ClInclude Include="VehicleSystem\VehicleUtils.h">
      <Filter>Vehicle Files\Main</Filter>
    </ClInclude>
    <ClInclude Include="VehicleSystem\VehicleSeatActionAnimation.h">
      <Filter>Vehicle Files\Seat Actions</Filter>
    </ClInclude>
    <ClInclude Include="VehicleSystem\VehicleSeatActionLights.h">
      <Filter>Vehicle Files\Seat Actions</Filter>
    </ClInclude>
    <ClInclude Include="VehicleSystem\VehicleSeatActionMovement.h">
      <Filter>Vehicle Files\Seat Actions</Filter>
    </ClInclude>
    <ClInclude Include="VehicleSystem\VehicleSeatActionPassengerIK.h">
      <Filter>Vehicle Files\Seat Actions</Filter>
    </ClInclude>
    <ClInclude Include="VehicleSystem\VehicleSeatActionRotateTurret.h">
      <Filter>Vehicle Files\Seat Actions</Filter>
    </ClInclude>
    <ClInclude Include="VehicleSystem\VehicleSeatActionSound.h">
      <Filter>Vehicle Files\Seat Actions</Filter>
    </ClInclude>
    <ClInclude Include="VehicleSystem\VehicleSeatActionSteeringWheel.h">
      <Filter>Vehicle Files\Seat Actions</Filter>
    </ClInclude>
    <ClInclude Include="VehicleSystem\VehicleSeatActionWeapons.h">
      <Filter>Vehicle Files\Seat Actions</Filter>
    </ClInclude>
    <ClInclude Include="VehicleSystem\VehicleUsableActionEnter.h">
      <Filter>Vehicle Files\Actions</Filter>
    </ClInclude>
    <ClInclude Include="VehicleSystem\VehicleDamages.h">
      <Filter>Vehicle Files\Damages</Filter>
    </ClInclude>
    <ClInclude Include="VehicleSystem\VehicleDamagesGroup.h">
      <Filter>Vehicle Files\Damages</Filter>
    </ClInclude>
    <ClInclude Include="VehicleSystem\VehicleDamagesTemplateRegistry.h">
      <Filter>Vehicle Files\Damages</Filter>
    </ClInclude>
    <ClInclude Include="VehicleSystem\VehicleDamageBehaviorAISignal.h">
      <Filter>Vehicle Files\Damages\Damage Behaviors</Filter>
    </ClInclude>
    <ClInclude Include="VehicleSystem\VehicleDamageBehaviorDestroy.h">
      <Filter>Vehicle Files\Damages\Damage Behaviors</Filter>
    </ClInclude>
    <ClInclude Include="VehicleSystem\VehicleDamageBehaviorDestroyTread.h">
      <Filter>Vehicle Files\Damages\Damage Behaviors</Filter>
    </ClInclude>
    <ClInclude Include="VehicleSystem\VehicleDamageBehaviorDetachPart.h">
      <Filter>Vehicle Files\Damages\Damage Behaviors</Filter>
    </ClInclude>
    <ClInclude Include="VehicleSystem\VehicleDamageBehaviorEffect.h">
      <Filter>Vehicle Files\Damages\Damage Behaviors</Filter>
    </ClInclude>
    <ClInclude Include="VehicleSystem\VehicleDamageBehaviorGroup.h">
      <Filter>Vehicle Files\Damages\Damage Behaviors</Filter>
    </ClInclude>
    <ClInclude Include="VehicleSystem\VehicleDamageBehaviorHitPassenger.h">
      <Filter>Vehicle Files\Damages\Damage Behaviors</Filter>
    </ClInclude>
    <ClInclude Include="VehicleSystem\VehicleDamageBehaviorImpulse.h">
      <Filter>Vehicle Files\Damages\Damage Behaviors</Filter>
    </ClInclude>
    <ClInclude Include="VehicleSystem\VehicleDamageBehaviorIndicator.h">
      <Filter>Vehicle Files\Damages\Damage Behaviors</Filter>
    </ClInclude>
    <ClInclude Include="VehicleSystem\VehicleDamageBehaviorMovementNotification.h">
      <Filter>Vehicle Files\Damages\Damage Behaviors</Filter>
    </ClInclude>
    <ClInclude Include="VehicleSystem\VehicleDamageBehaviorSink.h">
      <Filter>Vehicle Files\Damages\Damage Behaviors</Filter>
    </ClInclude>
    <ClInclude Include="VehicleSystem\VehicleDamageBehaviorSpawnDebris.h">
      <Filter>Vehicle Files\Damages\Damage Behaviors</Filter>
    </ClInclude>
    <ClInclude Include="VehicleSystem\VehicleSeatSerializer.h">
      <Filter>Vehicle Files\Network</Filter>
    </ClInclude>
    <ClInclude Include="AIHandler.h">
      <Filter>AI Files</Filter>
    </ClInclude>
    <ClInclude Include="AIProxy.h">
      <Filter>AI Files</Filter>
    </ClInclude>
    <ClInclude Include="AIReadabilityManager.h">
      <Filter>AI Files</Filter>
    </ClInclude>
    <ClInclude Include="ScriptBind_AI.h">
      <Filter>AI Files</Filter>
    </ClInclude>
    <ClInclude Include="FlowSystem\FlowData.h">
      <Filter>Flow System Files</Filter>
    </ClInclude>
    <ClInclude Include="FlowSystem\FlowGraph.h">
      <Filter>Flow System Files</Filter>
    </ClInclude>
    <ClInclude Include="FlowSystem\FlowSerialize.h">
      <Filter>Flow System Files</Filter>
    </ClInclude>
    <ClInclude Include="FlowSystem\FlowSystem.h">
      <Filter>Flow System Files</Filter>
    </ClInclude>
    <ClInclude Include="FlowSystem\FlowSystemCVars.h">
      <Filter>Flow System Files</Filter>
    </ClInclude>
    <ClInclude Include="FlowSystem\Nodes\FlowBaseNode.h">
      <Filter>Flow System Files\Nodes</Filter>
    </ClInclude>
    <ClInclude Include="FlowSystem\Nodes\FlowCompositeNode.h">
      <Filter>Flow System Files\Nodes</Filter>
    </ClInclude>
    <ClInclude Include="FlowSystem\Nodes\FlowConditionNode.h">
      <Filter>Flow System Files\Nodes</Filter>
    </ClInclude>
    <ClInclude Include="FlowSystem\Nodes\FlowDelayNode.h">
      <Filter>Flow System Files\Nodes</Filter>
    </ClInclude>
    <ClInclude Include="FlowSystem\Nodes\FlowEntityNode.h">
      <Filter>Flow System Files\Nodes</Filter>
    </ClInclude>
    <ClInclude Include="FlowSystem\Nodes\FlowLogNode.h">
      <Filter>Flow System Files\Nodes</Filter>
    </ClInclude>
    <ClInclude Include="FlowSystem\Nodes\FlowNodeAIAction.h">
      <Filter>Flow System Files\Nodes</Filter>
    </ClInclude>
    <ClInclude Include="FlowSystem\Nodes\FlowNoiseNodes.h">
      <Filter>Flow System Files\Nodes</Filter>
    </ClInclude>
    <ClInclude Include="FlowSystem\Nodes\FlowScriptedNode.h">
      <Filter>Flow System Files\Nodes</Filter>
    </ClInclude>
    <ClInclude Include="FlowSystem\Nodes\FlowStartNode.h">
      <Filter>Flow System Files\Nodes</Filter>
    </ClInclude>
    <ClInclude Include="FlowSystem\Nodes\FlowTimeNode.h">
      <Filter>Flow System Files\Nodes</Filter>
    </ClInclude>
    <ClInclude Include="FlowSystem\Nodes\Vehicle\FlowVehicleAttachment.h">
      <Filter>Flow System Files\Nodes\Vehicle</Filter>
    </ClInclude>
    <ClInclude Include="FlowSystem\Nodes\Vehicle\FlowVehicleBase.h">
      <Filter>Flow System Files\Nodes\Vehicle</Filter>
    </ClInclude>
    <ClInclude Include="FlowSystem\Nodes\Vehicle\FlowVehicleDamage.h">
      <Filter>Flow System Files\Nodes\Vehicle</Filter>
    </ClInclude>
    <ClInclude Include="FlowSystem\Nodes\Vehicle\FlowVehicleLights.h">
      <Filter>Flow System Files\Nodes\Vehicle</Filter>
    </ClInclude>
    <ClInclude Include="FlowSystem\Nodes\Vehicle\FlowVehicleMoveActionMult.h">
      <Filter>Flow System Files\Nodes\Vehicle</Filter>
    </ClInclude>
    <ClInclude Include="FlowSystem\Nodes\Vehicle\FlowVehicleMovement.h">
      <Filter>Flow System Files\Nodes\Vehicle</Filter>
    </ClInclude>
    <ClInclude Include="FlowSystem\Nodes\Vehicle\FlowVehiclePassenger.h">
      <Filter>Flow System Files\Nodes\Vehicle</Filter>
    </ClInclude>
    <ClInclude Include="FlowSystem\Nodes\Vehicle\FlowVehicleSeat.h">
      <Filter>Flow System Files\Nodes\Vehicle</Filter>
    </ClInclude>
    <ClInclude Include="FlowSystem\Nodes\Vehicle\FlowVehicleTurret.h">
      <Filter>Flow System Files\Nodes\Vehicle</Filter>
    </ClInclude>
    <ClInclude Include="FlowSystem\Inspectors\FlowFilters.h">
      <Filter>Flow System Files\Inspectors</Filter>
    </ClInclude>
    <ClInclude Include="FlowSystem\Inspectors\FlowInspectorDefault.h">
      <Filter>Flow System Files\Inspectors</Filter>
    </ClInclude>
    <ClInclude Include="Serialization\GameSerialize.h">
      <Filter>Serialization</Filter>
    </ClInclude>
    <ClInclude Include="Serialization\XMLScriptLoader.h">
      <Filter>Serialization\Script XML Helpers</Filter>
    </ClInclude>
    <ClInclude Include="Serialization\SerializeScriptTableReader.h">
      <Filter>Serialization\Serialize to script</Filter>
    </ClInclude>
    <ClInclude Include="Serialization\SerializeScriptTableWriter.h">
      <Filter>Serialization\Serialize to script</Filter>
    </ClInclude>
    <ClInclude Include="Serialization\BinarySaveGame.h">
      <Filter>Serialization\Binary Save Games</Filter>
    </ClInclude>
    <ClInclude Include="Serialization\ViewNoteSaveGame.h">
      <Filter>Serialization\XML Save Games %28primarily used for viewnotes and testing%29</Filter>
    </ClInclude>
    <ClInclude Include="Serialization\XmlLoadGame.h">
      <Filter>Serialization\XML Save Games %28primarily used for viewnotes and testing%29</Filter>
    </ClInclude>
    <ClInclude Include="Serialization\XmlSaveGame.h">
      <Filter>Serialization\XML Save Games %28primarily used for viewnotes and testing%29</Filter>
    </ClInclude>
    <ClInclude Include="GameObjects\CameraSource.h">
      <Filter>Game Objects</Filter>
    </ClInclude>
    <ClInclude Include="GameObjects\GameObject.h">
      <Filter>Game Objects</Filter>
    </ClInclude>
    <ClInclude Include="GameObjects\GameObjectDispatch.h">
      <Filter>Game Objects</Filter>
    </ClInclude>
    <ClInclude Include="GameObjects\GameObjectSystem.h">
      <Filter>Game Objects</Filter>
    </ClInclude>
    <ClInclude Include="GameObjects\Interactor.h">
      <Filter>Game Objects</Filter>
    </ClInclude>
    <ClInclude Include="GameObjects\WorldQuery.h">
      <Filter>Game Objects</Filter>
    </ClInclude>
    <ClInclude Include="GameRulesSystem.h">
      <Filter>GameRules Files</Filter>
    </ClInclude>
    <ClInclude Include="AnimationGraph\AGAnimation.h">
      <Filter>AnimationGraph\Animation Configuration Classes</Filter>
    </ClInclude>
    <ClInclude Include="AnimationGraph\AGAttachmentEffect.h">
      <Filter>AnimationGraph\Animation Configuration Classes</Filter>
    </ClInclude>
    <ClInclude Include="AnimationGraph\AGColliderMode.h">
      <Filter>AnimationGraph\Animation Configuration Classes</Filter>
    </ClInclude>
    <ClInclude Include="AnimationGraph\AGFacial.h">
      <Filter>AnimationGraph\Animation Configuration Classes</Filter>
    </ClInclude>
    <ClInclude Include="AnimationGraph\AGForceStartImmediately.h">
      <Filter>AnimationGraph\Animation Configuration Classes</Filter>
    </ClInclude>
    <ClInclude Include="AnimationGraph\AGLookIkOverride.h">
      <Filter>AnimationGraph\Animation Configuration Classes</Filter>
    </ClInclude>
    <ClInclude Include="AnimationGraph\AGMovementControlMethod.h">
      <Filter>AnimationGraph\Animation Configuration Classes</Filter>
    </ClInclude>
    <ClInclude Include="AnimationGraph\AGOutput.h">
      <Filter>AnimationGraph\Animation Configuration Classes</Filter>
    </ClInclude>
    <ClInclude Include="AnimationGraph\AGParams.h">
      <Filter>AnimationGraph\Animation Configuration Classes</Filter>
    </ClInclude>
    <ClInclude Include="AnimationGraph\AGSetInput.h">
      <Filter>AnimationGraph\Animation Configuration Classes</Filter>
    </ClInclude>
    <ClInclude Include="AnimationGraph\AGSound.h">
      <Filter>AnimationGraph\Animation Configuration Classes</Filter>
    </ClInclude>
    <ClInclude Include="AnimationGraph\AGTransitionParams.h">
      <Filter>AnimationGraph\Animation Configuration Classes</Filter>
    </ClInclude>
    <ClInclude Include="AnimationGraph\AGWaitForUBAllowed.h">
      <Filter>AnimationGraph\Animation Configuration Classes</Filter>
    </ClInclude>
    <ClInclude Include="AnimationGraph\AnimEvent.h">
      <Filter>AnimationGraph\Animation Configuration Classes</Filter>
    </ClInclude>
    <ClInclude Include="AnimationGraph\AnimPhysicsNodes.h">
      <Filter>AnimationGraph\Animation Configuration Classes</Filter>
    </ClInclude>
    <ClInclude Include="AnimationGraph\AnimationGraph.h">
      <Filter>AnimationGraph\System Files</Filter>
    </ClInclude>
    <ClInclude Include="AnimationGraph\AnimationGraphCVars.h">
      <Filter>AnimationGraph\System Files</Filter>
    </ClInclude>
    <ClInclude Include="AnimationGraph\AnimationGraphManager.h">
      <Filter>AnimationGraph\System Files</Filter>
    </ClInclude>
    <ClInclude Include="AnimationGraph\AnimationGraphState.h">
      <Filter>AnimationGraph\System Files</Filter>
    </ClInclude>
    <ClInclude Include="AnimationGraph\AnimationGraphStates.h">
      <Filter>AnimationGraph\System Files</Filter>
    </ClInclude>
    <ClInclude Include="AnimationGraph\AnimationGraphTemplate.h">
      <Filter>AnimationGraph\System Files</Filter>
    </ClInclude>
    <ClInclude Include="AnimationGraph\AnimationTrigger.h">
      <Filter>AnimationGraph\System Files</Filter>
    </ClInclude>
    <ClInclude Include="AnimationGraph\ExactPositioning.h">
      <Filter>AnimationGraph\System Files</Filter>
    </ClInclude>
    <ClInclude Include="AnimationGraph\PreprocessLinksAndStates.h">
      <Filter>AnimationGraph\System Files</Filter>
    </ClInclude>
    <ClInclude Include="AnimationGraph\RangeMerger.h">
      <Filter>AnimationGraph\System Files</Filter>
    </ClInclude>
    <ClInclude Include="AnimationGraph\StateIndex.h">
      <Filter>AnimationGraph\System Files</Filter>
    </ClInclude>
    <ClInclude Include="AnimationGraph\StateIndex_info.h">
      <Filter>AnimationGraph\System Files</Filter>
    </ClInclude>
    <ClInclude Include="AnimationGraph\AnimatedCharacter.h">
      <Filter>AnimationGraph\Game Object</Filter>
    </ClInclude>
    <ClInclude Include="AnimationGraph\DebugHistory.h">
      <Filter>AnimationGraph\Game Object</Filter>
    </ClInclude>
    <ClInclude Include="AnimationGraph\HumanBlending.h">
      <Filter>AnimationGraph\Game Object</Filter>
    </ClInclude>
    <ClInclude Include="AnimationGraph\MGDelayEntering.h">
      <Filter>AnimationGraph\Music Configuration Classes</Filter>
    </ClInclude>
    <ClInclude Include="AnimationGraph\MGDelayLeaving.h">
      <Filter>AnimationGraph\Music Configuration Classes</Filter>
    </ClInclude>
    <ClInclude Include="AnimationGraph\MGEndMusic.h">
      <Filter>AnimationGraph\Music Configuration Classes</Filter>
    </ClInclude>
    <ClInclude Include="AnimationGraph\MGMood.h">
      <Filter>AnimationGraph\Music Configuration Classes</Filter>
    </ClInclude>
    <ClInclude Include="AnimationGraph\MGStinger.h">
      <Filter>AnimationGraph\Music Configuration Classes</Filter>
    </ClInclude>
    <ClInclude Include="AnimationGraph\MGTheme.h">
      <Filter>AnimationGraph\Music Configuration Classes</Filter>
    </ClInclude>
    <ClInclude Include="TimeDemo\TimeDemoRecorder.h">
      <Filter>TimeDemo</Filter>
    </ClInclude>
    <ClInclude Include="MaterialEffects\IMFXEffect.h">
      <Filter>MaterialEffects</Filter>
    </ClInclude>
    <ClInclude Include="MaterialEffects\MaterialEffects.h">
      <Filter>MaterialEffects</Filter>
    </ClInclude>
    <ClInclude Include="MaterialEffects\MaterialEffectsCVars.h">
      <Filter>MaterialEffects</Filter>
    </ClInclude>
    <ClInclude Include="MaterialFGManager.h">
      <Filter>MaterialEffects</Filter>
    </ClInclude>
    <ClInclude Include="MaterialEffects\MFXDecalEffect.h">
      <Filter>MaterialEffects</Filter>
    </ClInclude>
    <ClInclude Include="MaterialEffects\MFXEffect.h">
      <Filter>MaterialEffects</Filter>
    </ClInclude>
    <ClInclude Include="materialeffects\MFXFlowGraphEffect.h">
      <Filter>MaterialEffects</Filter>
    </ClInclude>
    <ClInclude Include="MaterialEffects\MFXParticleEffect.h">
      <Filter>MaterialEffects</Filter>
    </ClInclude>
    <ClInclude Include="MaterialEffects\MFXRandomEffect.h">
      <Filter>MaterialEffects</Filter>
    </ClInclude>
    <ClInclude Include="MaterialEffects\MFXSoundEffect.h">
      <Filter>MaterialEffects</Filter>
    </ClInclude>
    <ClInclude Include="MaterialEffects\ScriptBind_MaterialEffects.h">
      <Filter>MaterialEffects</Filter>
    </ClInclude>
    <ClInclude Include="GameTokens\GameToken.h">
      <Filter>GameTokens</Filter>
    </ClInclude>
    <ClInclude Include="GameTokens\GameTokenSystem.h">
      <Filter>GameTokens</Filter>
    </ClInclude>
    <ClInclude Include="EffectSystem\BloodSplats.h">
      <Filter>EffectSystem</Filter>
    </ClInclude>
    <ClInclude Include="EffectSystem\Effect.h">
      <Filter>EffectSystem</Filter>
    </ClInclude>
    <ClInclude Include="EffectSystem\EffectSystem.h">
      <Filter>EffectSystem</Filter>
    </ClInclude>
    <ClInclude Include="EffectSystem\GroundEffect.h">
      <Filter>EffectSystem</Filter>
    </ClInclude>
    <ClInclude Include="UIDraw\UIDraw.h">
      <Filter>UIDraw</Filter>
    </ClInclude>
    <ClInclude Include="PersistantDebug.h">
      <Filter>DebugHelpers</Filter>
    </ClInclude>
    <ClInclude Include="PlayerProfiles\BMPHelper.h">
      <Filter>PlayerProfiles</Filter>
    </ClInclude>
    <ClInclude Include="PlayerProfiles\PlayerProfile.h">
      <Filter>PlayerProfiles</Filter>
    </ClInclude>
    <ClInclude Include="PlayerProfiles\PlayerProfileImplFS.h">
      <Filter>PlayerProfiles</Filter>
    </ClInclude>
    <ClInclude Include="PlayerProfiles\PlayerProfileImplRSFHelper.h">
      <Filter>PlayerProfiles</Filter>
    </ClInclude>
    <ClInclude Include="PlayerProfiles\PlayerProfileManager.h">
      <Filter>PlayerProfiles</Filter>
    </ClInclude>
    <ClInclude Include="PlayerProfiles\RichSaveGameTypes.h">
      <Filter>PlayerProfiles</Filter>
    </ClInclude>
    <ClInclude Include="PlayerProfiles\RichSaveGameTypes_info.h">
      <Filter>PlayerProfiles</Filter>
    </ClInclude>
    <ClInclude Include="DialogSystem\DialogActorContext.h">
      <Filter>Dialog System</Filter>
    </ClInclude>
    <ClInclude Include="DialogSystem\DialogCommon.h">
      <Filter>Dialog System</Filter>
    </ClInclude>
    <ClInclude Include="DialogSystem\DialogLoader.h">
      <Filter>Dialog System</Filter>
    </ClInclude>
    <ClInclude Include="DialogSystem\DialogLoaderMK2.h">
      <Filter>Dialog System</Filter>
    </ClInclude>
    <ClInclude Include="DialogSystem\DialogScript.h">
      <Filter>Dialog System</Filter>
    </ClInclude>
    <ClInclude Include="DialogSystem\DialogSession.h">
      <Filter>Dialog System</Filter>
    </ClInclude>
    <ClInclude Include="DialogSystem\DialogSystem.h">
      <Filter>Dialog System</Filter>
    </ClInclude>
    <ClInclude Include="DialogSystem\ScriptBind_DialogSystem.h">
      <Filter>Dialog System</Filter>
    </ClInclude>
    <ClInclude Include="SubtitleManager.h">
      <Filter>Dialog System</Filter>
    </ClInclude>
    <ClInclude Include="Network\CVarListProcessor.h">
      <Filter>Network Files</Filter>
    </ClInclude>
    <ClInclude Include="Network\NetworkCVars.h">
      <Filter>Network Files</Filter>
    </ClInclude>
    <ClInclude Include="Network\CET_ActionMap.h">
      <Filter>Network Files\Context Establishment Tasks</Filter>
    </ClInclude>
    <ClInclude Include="Network\CET_ClassRegistry.h">
      <Filter>Network Files\Context Establishment Tasks</Filter>
    </ClInclude>
    <ClInclude Include="Network\CET_CVars.h">
      <Filter>Network Files\Context Establishment Tasks</Filter>
    </ClInclude>
    <ClInclude Include="Network\CET_DemoMode.h">
      <Filter>Network Files\Context Establishment Tasks</Filter>
    </ClInclude>
    <ClInclude Include="Network\CET_EntitySystem.h">
      <Filter>Network Files\Context Establishment Tasks</Filter>
    </ClInclude>
    <ClInclude Include="Network\CET_GameRules.h">
      <Filter>Network Files\Context Establishment Tasks</Filter>
    </ClInclude>
    <ClInclude Include="Network\CET_LevelLoading.h">
      <Filter>Network Files\Context Establishment Tasks</Filter>
    </ClInclude>
    <ClInclude Include="Network\CET_NetConfig.h">
      <Filter>Network Files\Context Establishment Tasks</Filter>
    </ClInclude>
    <ClInclude Include="Network\CET_View.h">
      <Filter>Network Files\Context Establishment Tasks</Filter>
    </ClInclude>
    <ClInclude Include="Network\NetActionSync.h">
      <Filter>Network Files\Helpers</Filter>
    </ClInclude>
    <ClInclude Include="Network\ObjectSelector.h">
      <Filter>Network Files\Helpers</Filter>
    </ClInclude>
    <ClInclude Include="Network\SensedInclusionSet.h">
      <Filter>Network Files\Helpers</Filter>
    </ClInclude>
    <ClInclude Include="Network\ClassRegistryReplicator.h">
      <Filter>Network Files\Core</Filter>
    </ClInclude>
    <ClInclude Include="Network\GameChannel.h">
      <Filter>Network Files\Core</Filter>
    </ClInclude>
    <ClInclude Include="Network\GameClientChannel.h">
      <Filter>Network Files\Core</Filter>
    </ClInclude>
    <ClInclude Include="Network\GameClientNub.h">
      <Filter>Network Files\Core</Filter>
    </ClInclude>
    <ClInclude Include="Network\GameContext.h">
      <Filter>Network Files\Core</Filter>
    </ClInclude>
    <ClInclude Include="Network\GameQueryListener.h">
      <Filter>Network Files\Core</Filter>
    </ClInclude>
    <ClInclude Include="Network\GameServerChannel.h">
      <Filter>Network Files\Core</Filter>
    </ClInclude>
    <ClInclude Include="Network\GameServerNub.h">
      <Filter>Network Files\Core</Filter>
    </ClInclude>
    <ClInclude Include="Network\PhysicsSync.h">
      <Filter>Network Files\Core</Filter>
    </ClInclude>
    <ClInclude Include="Network\ScriptBind_Network.h">
      <Filter>Network Files\Core</Filter>
    </ClInclude>
    <ClInclude Include="Network\ScriptRMI.h">
      <Filter>Network Files\Core</Filter>
    </ClInclude>
    <ClInclude Include="Network\ScriptSerialize.h">
      <Filter>Network Files\Core</Filter>
    </ClInclude>
    <ClInclude Include="Network\ServerTimer.h">
      <Filter>Network Files\Core</Filter>
    </ClInclude>
    <ClInclude Include="Network\VoiceController.h">
      <Filter>Network Files\Voice</Filter>
    </ClInclude>
    <ClInclude Include="Network\VoiceListener.h">
      <Filter>Network Files\Voice</Filter>
    </ClInclude>
    <ClInclude Include="Network\BreakReplicator.h">
      <Filter>Network Files\Breakability</Filter>
    </ClInclude>
    <ClInclude Include="Network\DeformingBreak.h">
      <Filter>Network Files\Breakability</Filter>
    </ClInclude>
    <ClInclude Include="Network\ExplosiveObjectState.h">
      <Filter>Network Files\Breakability</Filter>
    </ClInclude>
    <ClInclude Include="Network\GenericPlaybackListener.h">
      <Filter>Network Files\Breakability</Filter>
    </ClInclude>
    <ClInclude Include="Network\GenericRecordingListener.h">
      <Filter>Network Files\Breakability</Filter>
    </ClInclude>
    <ClInclude Include="Network\IBreakPlaybackStream.h">
      <Filter>Network Files\Breakability</Filter>
    </ClInclude>
    <ClInclude Include="Network\IBreakReplicatorListener.h">
      <Filter>Network Files\Breakability</Filter>
    </ClInclude>
    <ClInclude Include="Network\IContextEstablishTask.h">
      <Filter>Network Files\Breakability</Filter>
    </ClInclude>
    <ClInclude Include="Network\IProceduralBreakType.h">
      <Filter>Network Files\Breakability</Filter>
    </ClInclude>
    <ClInclude Include="Network\JointBreak.h">
      <Filter>Network Files\Breakability</Filter>
    </ClInclude>
    <ClInclude Include="Network\NullListener.h">
      <Filter>Network Files\Breakability</Filter>
    </ClInclude>
    <ClInclude Include="Network\NullStream.h">
      <Filter>Network Files\Breakability</Filter>
    </ClInclude>
    <ClInclude Include="Network\PlaneBreak.h">
      <Filter>Network Files\Breakability</Filter>
    </ClInclude>
    <ClInclude Include="Network\ProceduralBreak.h">
      <Filter>Network Files\Breakability</Filter>
    </ClInclude>
    <ClInclude Include="Network\ProceduralBreakingBaseListener.h">
      <Filter>Network Files\Breakability</Filter>
    </ClInclude>
    <ClInclude Include="Network\ProceduralBreakingPlaybackListener.h">
      <Filter>Network Files\Breakability</Filter>
    </ClInclude>
    <ClInclude Include="Network\ProceduralBreakingRecordingListener.h">
      <Filter>Network Files\Breakability</Filter>
    </ClInclude>
    <ClInclude Include="Network\SimulateCreateEntityPart.h">
      <Filter>Network Files\Breakability</Filter>
    </ClInclude>
    <ClInclude Include="Network\SimulateRemoveEntityParts.h">
      <Filter>Network Files\Breakability</Filter>
    </ClInclude>
    <ClInclude Include="Network\GameStats.h">
      <Filter>Network Files\GameSpy Stats</Filter>
    </ClInclude>
    <ClInclude Include="Network\GameStatsConfig.h">
      <Filter>Network Files\GameSpy Stats</Filter>
    </ClInclude>
    <ClInclude Include="RemoteControl\RConClientListener.h">
      <Filter>RCon</Filter>
    </ClInclude>
    <ClInclude Include="RemoteControl\RConServerListener.h">
      <Filter>RCon</Filter>
    </ClInclude>
    <ClInclude Include="SimpleHttpServer\SimpleHttpServerListener.h">
      <Filter>Http</Filter>
    </ClInclude>
    <ClInclude Include="BreakablePlane.h">
      <Filter>Physics Helpers</Filter>
    </ClInclude>
    <ClInclude Include="GameplayRecorder\GameplayRecorder.h">
      <Filter>GameplayRecorder Files</Filter>
    </ClInclude>
    <ClInclude Include="Analyst.h">
      <Filter>GameplayRecorder Files\Gameplay Analyst</Filter>
    </ClInclude>
    <ClInclude Include="DebrisMgr\DebrisMgr.h">
      <Filter>DebrisManager</Filter>
    </ClInclude>
    <ClInclude Include="IDebrisMgr.h">
      <Filter>DebrisManager</Filter>
    </ClInclude>
    <ClInclude Include="MusicLogic\MusicLogic.h">
      <Filter>Music Logic</Filter>
    </ClInclude>
    <ClInclude Include="MusicLogic\ScriptBind_MusicLogic.h">
      <Filter>Music Logic</Filter>
    </ClInclude>
    <ClInclude Include="ModManager\ModManager.h">
      <Filter>ModManager</Filter>
    </ClInclude>
    <ClInclude Include="ActionGame.h" />
    <ClInclude Include="AIFaceManager.h" />
    <ClInclude Include="CallbackTimer.h" />
    <ClInclude Include="CompositeData.h" />
    <ClInclude Include="CryAction.h" />
    <ClInclude Include="CryActionCVars.h" />
    <ClInclude Include="DevMode.h" />
    <ClInclude Include="resource.h" />
    <ClInclude Include="ScriptBind_Action.h" />
    <ClInclude Include="StdAfx.h" />
    <ClInclude Include="TimeOfDayScheduler.h" />
  </ItemGroup>
  <ItemGroup>
    <ResourceCompile Include="CryAction.rc" />
  </ItemGroup>
</Project>